
Microsoft Visual Studio Solution File, Format Version 9.00
# Visual Studio 2005
Project("{FAE04EC0-301F-11D3-BF4B-00C04F79EFBC}") = "winFormsTestApp2", "winFormsTestApp2\winFormsTestApp2.csproj", "{FEC91841-0749-4F06-9249-C8857229A106}"
EndProject
Global
	GlobalSection(SolutionConfigurationPlatforms) = preSolution
		Debug|Any CPU = Debug|Any CPU
		Release|Any CPU = Release|Any CPU
	EndGlobalSection
	GlobalSection(ProjectConfigurationPlatforms) = postSolution
		{FEC91841-0749-4F06-9249-C8857229A106}.Debug|Any CPU.ActiveCfg = Debug|Any CPU
		{FEC91841-0749-4F06-9249-C8857229A106}.Debug|Any CPU.Build.0 = Debug|Any CPU
		{FEC91841-0749-4F06-9249-C8857229A106}.Release|Any CPU.ActiveCfg = Release|Any CPU
		{FEC91841-0749-4F06-9249-C8857229A106}.Release|Any CPU.Build.0 = Release|Any CPU
	EndGlobalSection
	GlobalSection(SolutionProperties) = preSolution
		HideSolutionNode = FALSE
	EndGlobalSection
EndGlobal
