
Microsoft Visual Studio Solution File, Format Version 9.00
# Visual Studio 2005
Project("{FAE04EC0-301F-11D3-BF4B-00C04F79EFBC}") = "ResponsivenessTest2", "ResponsivenessTest2\ResponsivenessTest2.csproj", "{95342FB6-C87C-41F3-BD3F-DEFD8BBB77B6}"
EndProject
Global
	GlobalSection(SolutionConfigurationPlatforms) = preSolution
		Debug|Any CPU = Debug|Any CPU
		Release|Any CPU = Release|Any CPU
	EndGlobalSection
	GlobalSection(ProjectConfigurationPlatforms) = postSolution
		{95342FB6-C87C-41F3-BD3F-DEFD8BBB77B6}.Debug|Any CPU.ActiveCfg = Debug|Any CPU
		{95342FB6-C87C-41F3-BD3F-DEFD8BBB77B6}.Debug|Any CPU.Build.0 = Debug|Any CPU
		{95342FB6-C87C-41F3-BD3F-DEFD8BBB77B6}.Release|Any CPU.ActiveCfg = Release|Any CPU
		{95342FB6-C87C-41F3-BD3F-DEFD8BBB77B6}.Release|Any CPU.Build.0 = Release|Any CPU
	EndGlobalSection
	GlobalSection(SolutionProperties) = preSolution
		HideSolutionNode = FALSE
	EndGlobalSection
EndGlobal
