
Microsoft Visual Studio Solution File, Format Version 9.00
# Visual Studio 2005
Project("{FAE04EC0-301F-11D3-BF4B-00C04F79EFBC}") = "wpfResponsinessTest", "wpfResponsinessTest\wpfResponsinessTest.csproj", "{27BB47A7-01AA-4805-8A29-C7FB4C1BBE05}"
EndProject
Global
	GlobalSection(SolutionConfigurationPlatforms) = preSolution
		Debug|Any CPU = Debug|Any CPU
		Release|Any CPU = Release|Any CPU
	EndGlobalSection
	GlobalSection(ProjectConfigurationPlatforms) = postSolution
		{27BB47A7-01AA-4805-8A29-C7FB4C1BBE05}.Debug|Any CPU.ActiveCfg = Debug|Any CPU
		{27BB47A7-01AA-4805-8A29-C7FB4C1BBE05}.Debug|Any CPU.Build.0 = Debug|Any CPU
		{27BB47A7-01AA-4805-8A29-C7FB4C1BBE05}.Release|Any CPU.ActiveCfg = Release|Any CPU
		{27BB47A7-01AA-4805-8A29-C7FB4C1BBE05}.Release|Any CPU.Build.0 = Release|Any CPU
	EndGlobalSection
	GlobalSection(SolutionProperties) = preSolution
		HideSolutionNode = FALSE
	EndGlobalSection
EndGlobal
